
Microsoft Visual Studio Solution File, Format Version 12.00
# Visual Studio Version 16
VisualStudioVersion = 16.0.29009.5
MinimumVisualStudioVersion = 10.0.40219.1
Project("{FAE04EC0-301F-11D3-BF4B-00C04F79EFBC}") = "LoRaBlockchain", "LoRaBlockchain\LoRaBlockchain.csproj", "{CCB3B174-DA0B-4449-A1AC-425A9459BD34}"
EndProject
Global
	GlobalSection(SolutionConfigurationPlatforms) = preSolution
		Debug|Any CPU = Debug|Any CPU
		Release|Any CPU = Release|Any CPU
	EndGlobalSection
	GlobalSection(ProjectConfigurationPlatforms) = postSolution
		{CCB3B174-DA0B-4449-A1AC-425A9459BD34}.Debug|Any CPU.ActiveCfg = Debug|Any CPU
		{CCB3B174-DA0B-4449-A1AC-425A9459BD34}.Debug|Any CPU.Build.0 = Debug|Any CPU
		{CCB3B174-DA0B-4449-A1AC-425A9459BD34}.Release|Any CPU.ActiveCfg = Release|Any CPU
		{CCB3B174-DA0B-4449-A1AC-425A9459BD34}.Release|Any CPU.Build.0 = Release|Any CPU
	EndGlobalSection
	GlobalSection(SolutionProperties) = preSolution
		HideSolutionNode = FALSE
	EndGlobalSection
	GlobalSection(ExtensibilityGlobals) = postSolution
		SolutionGuid = {1CBDF3E3-4EA6-4030-A999-E4838EDEBB27}
	EndGlobalSection
EndGlobal
